PODS:
  - Flutter (3.0.0)

DEPENDENCIES:
  - Flutter (from `Oc2Swift/Flutter/Debug/Flutter.podspec`)

EXTERNAL SOURCES:
  Flutter:
    :podspec: Oc2Swift/Flutter/Debug/Flutter.podspec

SPEC CHECKSUMS:
  Flutter: 100e95d4dd7526c7e276cafac9df66d7a2021ca2

PODFILE CHECKSUM: b60499f447b6ff730b470930153bf4c3b71b2365

COCOAPODS: 1.11.3
